<?xml version="1.0" encoding="utf-8"?>
<Project ToolsVersion="4.0" xmlns="http://schemas.microsoft.com/developer/msbuild/2003">
  <ItemGroup>
    <Filter Include="Source Files">
      <UniqueIdentifier>{4FC737F1-C7A5-4376-A066-2A32D752A2FF}</UniqueIdentifier>
      <Extensions>cpp;c;cc;cxx;def;odl;idl;hpj;bat;asm;asmx</Extensions>
    </Filter>
    <Filter Include="Header Files">
      <UniqueIdentifier>{93995380-89BD-4b04-88EB-625FBE52EBFB}</UniqueIdentifier>
      <Extensions>h;hh;hpp;hxx;hm;inl;inc;ipp;xsd</Extensions>
    </Filter>
    <Filter Include="Resource Files">
      <UniqueIdentifier>{67DA6AB6-F800-4c08-8B7A-83BB121AAD01}</UniqueIdentifier>
      <Extensions>rc;ico;cur;bmp;dlg;rc2;rct;bin;rgs;gif;jpg;jpeg;jpe;resx;tiff;tif;png;wav;mfcribbon-ms</Extensions>
    </Filter>
  </ItemGroup>
  <ItemGroup>
    <ClCompile Include="PaidUser.cpp">
      <Filter>Source Files</Filter>
    </ClCompile>
    <ClCompile Include="Person.cpp">
      <Filter>Source Files</Filter>
    </ClCompile>
    <ClCompile Include="Post.cpp">
      <Filter>Source Files</Filter>
    </ClCompile>
    <ClCompile Include="Student.cpp">
      <Filter>Source Files</Filter>
    </ClCompile>
    <ClCompile Include="Teaher.cpp">
      <Filter>Source Files</Filter>
    </ClCompile>
    <ClCompile Include="User.cpp">
      <Filter>Source Files</Filter>
    </ClCompile>
    <ClCompile Include="Product.cpp">
      <Filter>Source Files</Filter>
    </ClCompile>
    <ClCompile Include="DiscountBase.cpp">
      <Filter>Source Files</Filter>
    </ClCompile>
    <ClCompile Include="CertificateDiscount.cpp">
      <Filter>Source Files</Filter>
    </ClCompile>
    <ClCompile Include="PercentDiscount.cpp">
      <Filter>Source Files</Filter>
    </ClCompile>
    <ClCompile Include="MainLW5.cpp">
      <Filter>Source Files</Filter>
    </ClCompile>
    <ClCompile Include="Menu.cpp">
      <Filter>Source Files</Filter>
    </ClCompile>
  </ItemGroup>
  <ItemGroup>
    <ClInclude Include="PaidUser.h">
      <Filter>Header Files</Filter>
    </ClInclude>
    <ClInclude Include="Person.h">
      <Filter>Header Files</Filter>
    </ClInclude>
    <ClInclude Include="Post.h">
      <Filter>Header Files</Filter>
    </ClInclude>
    <ClInclude Include="Student.h">
      <Filter>Header Files</Filter>
    </ClInclude>
    <ClInclude Include="Teacher.h">
      <Filter>Header Files</Filter>
    </ClInclude>
    <ClInclude Include="User.h">
      <Filter>Header Files</Filter>
    </ClInclude>
    <ClInclude Include="Product.h">
      <Filter>Header Files</Filter>
    </ClInclude>
    <ClInclude Include="CategoryType.h">
      <Filter>Header Files</Filter>
    </ClInclude>
    <ClInclude Include="DiscountBase.h">
      <Filter>Header Files</Filter>
    </ClInclude>
    <ClInclude Include="CertificateDiscount.h">
      <Filter>Header Files</Filter>
    </ClInclude>
    <ClInclude Include="PercentDiscount.h">
      <Filter>Header Files</Filter>
    </ClInclude>
    <ClInclude Include="MainLW5.h">
      <Filter>Header Files</Filter>
    </ClInclude>
    <ClInclude Include="Menu.h">
      <Filter>Header Files</Filter>
    </ClInclude>
  </ItemGroup>
</Project>